
Microsoft Visual Studio Solution File, Format Version 12.00
# Visual Studio 15
VisualStudioVersion = 15.0.28307.1259
MinimumVisualStudioVersion = 10.0.40219.1
Project("{FAE04EC0-301F-11D3-BF4B-00C04F79EFBC}") = "Task1", "Task1\Task1.csproj", "{ED5C3F1C-3986-4DCC-84C0-32335D3F517C}"
EndProject
Global
	GlobalSection(SolutionConfigurationPlatforms) = preSolution
		Debug|Any CPU = Debug|Any CPU
		Release|Any CPU = Release|Any CPU
	EndGlobalSection
	GlobalSection(ProjectConfigurationPlatforms) = postSolution
		{ED5C3F1C-3986-4DCC-84C0-32335D3F517C}.Debug|Any CPU.ActiveCfg = Debug|Any CPU
		{ED5C3F1C-3986-4DCC-84C0-32335D3F517C}.Debug|Any CPU.Build.0 = Debug|Any CPU
		{ED5C3F1C-3986-4DCC-84C0-32335D3F517C}.Release|Any CPU.ActiveCfg = Release|Any CPU
		{ED5C3F1C-3986-4DCC-84C0-32335D3F517C}.Release|Any CPU.Build.0 = Release|Any CPU
	EndGlobalSection
	GlobalSection(SolutionProperties) = preSolution
		HideSolutionNode = FALSE
	EndGlobalSection
	GlobalSection(ExtensibilityGlobals) = postSolution
		SolutionGuid = {7C74C694-BED3-4644-865D-B23B734A5315}
	EndGlobalSection
EndGlobal
